
Microsoft Visual Studio Solution File, Format Version 12.00
# Visual Studio Version 16
VisualStudioVersion = 16.0.33927.289
MinimumVisualStudioVersion = 10.0.40219.1
Project("{2150E333-8FDC-42A3-9474-1A3956D46DE8}") = "Task0", "Task0", "{5B53A1F6-465F-4B19-B78C-36AAE94A7E95}"
EndProject
Project("{FAE04EC0-301F-11D3-BF4B-00C04F79EFBC}") = "Tyuiu.ShaukerovaAN.Sprint5.Task0.V22", "Tyuiu.ShaukerovaAN.Sprint5.Task0.V22\Tyuiu.ShaukerovaAN.Sprint5.Task0.V22.csproj", "{1FE6ECB4-5EF0-4C70-B49C-C0A6FAA899E0}"
EndProject
Project("{FAE04EC0-301F-11D3-BF4B-00C04F79EFBC}") = "Tyuiu.ShaukerovaAN.Sprint5.Task0.V22.Lib", "Tyuiu.ShaukerovaAN.Sprint5.Task0.V22.Lib\Tyuiu.ShaukerovaAN.Sprint5.Task0.V22.Lib.csproj", "{8BF6EE9F-1082-42E7-A354-75AC21CC98DA}"
EndProject
Project("{FAE04EC0-301F-11D3-BF4B-00C04F79EFBC}") = "Tyuiu.ShaukerovaAN.Sprint5.Task0.V22.Test", "Tyuiu.ShaukerovaAN.Sprint5.Task0.V22.Test\Tyuiu.ShaukerovaAN.Sprint5.Task0.V22.Test.csproj", "{EBB3119D-A21D-4F7C-B095-1A2CBAFE3C13}"
EndProject
Project("{2150E333-8FDC-42A3-9474-1A3956D46DE8}") = "Task1", "Task1", "{979BEB9E-2F75-4139-9EB1-61A2A7889027}"
EndProject
Project("{FAE04EC0-301F-11D3-BF4B-00C04F79EFBC}") = "Tyuiu.ShaukerovaAN.Sprint5.Task1.V16", "Tyuiu.ShaukerovaAN.Sprint5.Task1.V16\Tyuiu.ShaukerovaAN.Sprint5.Task1.V16.csproj", "{F2F78654-A4E0-4C40-8D9E-56B600ABAE1A}"
EndProject
Project("{FAE04EC0-301F-11D3-BF4B-00C04F79EFBC}") = "Tyuiu.ShaukerovaAN.Sprint5.Task1.V16.Lib", "Tyuiu.ShaukerovaAN.Sprint5.Task1.V16.Lib\Tyuiu.ShaukerovaAN.Sprint5.Task1.V16.Lib.csproj", "{FA8FB7BF-1690-4A54-9C57-806969790EB2}"
EndProject
Project("{FAE04EC0-301F-11D3-BF4B-00C04F79EFBC}") = "Tyuiu.ShaukerovaAN.Sprint5.Task1.V16.Test", "Tyuiu.ShaukerovaAN.Sprint5.Task1.V16.Test\Tyuiu.ShaukerovaAN.Sprint5.Task1.V16.Test.csproj", "{750FAFBA-BF6F-44F5-8358-6DE4C3894E0C}"
EndProject
Project("{2150E333-8FDC-42A3-9474-1A3956D46DE8}") = "Task2", "Task2", "{FB3F8EB9-C858-4327-8CBE-FD460B8C776F}"
EndProject
Project("{FAE04EC0-301F-11D3-BF4B-00C04F79EFBC}") = "Tyuiu.ShaukerovaAN.Sprint5.Task2.V21", "Tyuiu.ShaukerovaAN.Sprint5.Task2.V21\Tyuiu.ShaukerovaAN.Sprint5.Task2.V21.csproj", "{C60E7A99-8D72-45FB-8009-8496B1763F44}"
EndProject
Project("{FAE04EC0-301F-11D3-BF4B-00C04F79EFBC}") = "Tyuiu.ShaukerovaAN.Sprint5.Task2.V21.Lib", "Tyuiu.ShaukerovaAN.Sprint5.Task2.V21.Lib\Tyuiu.ShaukerovaAN.Sprint5.Task2.V21.Lib.csproj", "{865F1E26-CBB6-4C1E-AD5B-8CB178F7AC69}"
EndProject
Project("{FAE04EC0-301F-11D3-BF4B-00C04F79EFBC}") = "Tyuiu.ShaukerovaAN.Sprint5.Task2.V21.Test", "Tyuiu.ShaukerovaAN.Sprint5.Task2.V21.Test\Tyuiu.ShaukerovaAN.Sprint5.Task2.V21.Test.csproj", "{C3F58A1F-163A-4E9E-ACF2-28300D010F20}"
EndProject
Project("{2150E333-8FDC-42A3-9474-1A3956D46DE8}") = "Task3", "Task3", "{75398CE1-A2AB-45B6-A36A-29F1E3730AF5}"
EndProject
Project("{FAE04EC0-301F-11D3-BF4B-00C04F79EFBC}") = "Tyuiu.ShaukerovaAN.Sprint5.Task3.V19", "Tyuiu.ShaukerovaAN.Sprint5.Task3.V19\Tyuiu.ShaukerovaAN.Sprint5.Task3.V19.csproj", "{C0C8829A-1A78-4056-B6A4-AE0036D00F84}"
EndProject
Project("{FAE04EC0-301F-11D3-BF4B-00C04F79EFBC}") = "Tyuiu.ShaukerovaAN.Sprint5.Task3.V19.Lib", "Tyuiu.ShaukerovaAN.Sprint5.Task3.V19.Lib\Tyuiu.ShaukerovaAN.Sprint5.Task3.V19.Lib.csproj", "{CF7C9C0B-A3C2-4C1D-B854-C0A3C348BBB1}"
EndProject
Project("{FAE04EC0-301F-11D3-BF4B-00C04F79EFBC}") = "Tyuiu.ShaukerovaAN.Sprint5.Task3.V19.Test", "Tyuiu.ShaukerovaAN.Sprint5.Task3.V19.Test\Tyuiu.ShaukerovaAN.Sprint5.Task3.V19.Test.csproj", "{377A2130-5003-4BFF-AD6E-5F9B3DA74D06}"
EndProject
Project("{2150E333-8FDC-42A3-9474-1A3956D46DE8}") = "Task4", "Task4", "{0F489E32-048D-4A62-8685-87F2C4123043}"
EndProject
Project("{FAE04EC0-301F-11D3-BF4B-00C04F79EFBC}") = "Tyuiu.ShaukerovaAN.Sprint5.Task4.V10", "Tyuiu.ShaukerovaAN.Sprint5.Task4.V10\Tyuiu.ShaukerovaAN.Sprint5.Task4.V10.csproj", "{55E70715-4295-4406-A986-140ADF34E2E0}"
EndProject
Project("{FAE04EC0-301F-11D3-BF4B-00C04F79EFBC}") = "Tyuiu.ShaukerovaAN.Sprint5.Task4.V10.Lib", "Tyuiu.ShaukerovaAN.Sprint5.Task4.V10.Lib\Tyuiu.ShaukerovaAN.Sprint5.Task4.V10.Lib.csproj", "{1899DB71-D616-4E37-8F14-5DCD8D9D3448}"
EndProject
Project("{FAE04EC0-301F-11D3-BF4B-00C04F79EFBC}") = "Tyuiu.ShaukerovaAN.Sprint5.Task4.V10.Test", "Tyuiu.ShaukerovaAN.Sprint5.Task4.V10.Test\Tyuiu.ShaukerovaAN.Sprint5.Task4.V10.Test.csproj", "{AF17D01C-8E0E-4B28-A930-EA8E5D6E85F5}"
EndProject
Project("{2150E333-8FDC-42A3-9474-1A3956D46DE8}") = "Task5", "Task5", "{A6FFCD75-057B-4798-8A3F-31428966DD34}"
EndProject
Project("{FAE04EC0-301F-11D3-BF4B-00C04F79EFBC}") = "Tyuiu.ShaukerovaAN.Sprint5.Task5.V11", "Tyuiu.ShaukerovaAN.Sprint5.Task5.V11\Tyuiu.ShaukerovaAN.Sprint5.Task5.V11.csproj", "{D0CCF1B5-FBA3-4F3B-A067-EE80504A2DF0}"
EndProject
Project("{FAE04EC0-301F-11D3-BF4B-00C04F79EFBC}") = "Tyuiu.ShaukerovaAN.Sprint5.Task5.V11.Lib", "Tyuiu.ShaukerovaAN.Sprint5.Task5.V11.Lib\Tyuiu.ShaukerovaAN.Sprint5.Task5.V11.Lib.csproj", "{9C42AA17-792E-4ADE-B168-EFDE58E10C5C}"
EndProject
Project("{FAE04EC0-301F-11D3-BF4B-00C04F79EFBC}") = "Tyuiu.ShaukerovaAN.Sprint5.Task5.V11.Test", "Tyuiu.ShaukerovaAN.Sprint5.Task5.V11.Test\Tyuiu.ShaukerovaAN.Sprint5.Task5.V11.Test.csproj", "{E7628138-A226-4882-A697-1FFD60F22440}"
EndProject
Project("{2150E333-8FDC-42A3-9474-1A3956D46DE8}") = "Task6", "Task6", "{8C50CF52-875B-465A-BDD9-C8DD079058F3}"
EndProject
Project("{FAE04EC0-301F-11D3-BF4B-00C04F79EFBC}") = "Tyuiu.ShaukerovaAN.Sprint5.Task6.V26", "Tyuiu.ShaukerovaAN.Sprint5.Task6.V26\Tyuiu.ShaukerovaAN.Sprint5.Task6.V26.csproj", "{4E778B53-F7F2-49A2-8CD8-64B8BCDF676D}"
EndProject
Project("{FAE04EC0-301F-11D3-BF4B-00C04F79EFBC}") = "Tyuiu.ShaukerovaAN.Sprint5.Task6.V26.Lib", "Tyuiu.ShaukerovaAN.Sprint5.Task6.V26.Lib\Tyuiu.ShaukerovaAN.Sprint5.Task6.V26.Lib.csproj", "{897C7C32-487A-4EB0-8902-C89D3ED003E4}"
EndProject
Project("{FAE04EC0-301F-11D3-BF4B-00C04F79EFBC}") = "Tyuiu.ShaukerovaAN.Sprint5.Task6.V26.Test", "Tyuiu.ShaukerovaAN.Sprint5.Task6.V26.Test\Tyuiu.ShaukerovaAN.Sprint5.Task6.V26.Test.csproj", "{2074E76C-6AB0-49B0-B5DD-FF146E1985E2}"
EndProject
Project("{2150E333-8FDC-42A3-9474-1A3956D46DE8}") = "Task7", "Task7", "{9DB60600-96C1-44CB-841E-DFBF50AD067C}"
EndProject
Project("{FAE04EC0-301F-11D3-BF4B-00C04F79EFBC}") = "Tyuiu.ShaukerovaAN.Sprint5.Task7.V11", "Tyuiu.ShaukerovaAN.Sprint5.Task7.V11\Tyuiu.ShaukerovaAN.Sprint5.Task7.V11.csproj", "{C522EC12-3EA3-4FE9-8E55-6C3E9B774517}"
EndProject
Project("{FAE04EC0-301F-11D3-BF4B-00C04F79EFBC}") = "Tyuiu.ShaukerovaAN.Sprint5.Task7.V11.Lib", "Tyuiu.ShaukerovaAN.Sprint5.Task7.V11.Lib\Tyuiu.ShaukerovaAN.Sprint5.Task7.V11.Lib.csproj", "{E8A6F511-0875-4041-81D7-A37DA1232A8B}"
EndProject
Project("{FAE04EC0-301F-11D3-BF4B-00C04F79EFBC}") = "Tyuiu.ShaukerovaAN.Sprint5.Task7.V11.Test", "Tyuiu.ShaukerovaAN.Sprint5.Task7.V11.Test\Tyuiu.ShaukerovaAN.Sprint5.Task7.V11.Test.csproj", "{46F68571-AA7C-44A1-8071-00E06D84C1A2}"
EndProject
Global
	GlobalSection(SolutionConfigurationPlatforms) = preSolution
		Debug|Any CPU = Debug|Any CPU
		Release|Any CPU = Release|Any CPU
	EndGlobalSection
	GlobalSection(ProjectConfigurationPlatforms) = postSolution
		{1FE6ECB4-5EF0-4C70-B49C-C0A6FAA899E0}.Debug|Any CPU.ActiveCfg = Debug|Any CPU
		{1FE6ECB4-5EF0-4C70-B49C-C0A6FAA899E0}.Debug|Any CPU.Build.0 = Debug|Any CPU
		{1FE6ECB4-5EF0-4C70-B49C-C0A6FAA899E0}.Release|Any CPU.ActiveCfg = Release|Any CPU
		{1FE6ECB4-5EF0-4C70-B49C-C0A6FAA899E0}.Release|Any CPU.Build.0 = Release|Any CPU
		{8BF6EE9F-1082-42E7-A354-75AC21CC98DA}.Debug|Any CPU.ActiveCfg = Debug|Any CPU
		{8BF6EE9F-1082-42E7-A354-75AC21CC98DA}.Debug|Any CPU.Build.0 = Debug|Any CPU
		{8BF6EE9F-1082-42E7-A354-75AC21CC98DA}.Release|Any CPU.ActiveCfg = Release|Any CPU
		{8BF6EE9F-1082-42E7-A354-75AC21CC98DA}.Release|Any CPU.Build.0 = Release|Any CPU
		{EBB3119D-A21D-4F7C-B095-1A2CBAFE3C13}.Debug|Any CPU.ActiveCfg = Debug|Any CPU
		{EBB3119D-A21D-4F7C-B095-1A2CBAFE3C13}.Debug|Any CPU.Build.0 = Debug|Any CPU
		{EBB3119D-A21D-4F7C-B095-1A2CBAFE3C13}.Release|Any CPU.ActiveCfg = Release|Any CPU
		{EBB3119D-A21D-4F7C-B095-1A2CBAFE3C13}.Release|Any CPU.Build.0 = Release|Any CPU
		{F2F78654-A4E0-4C40-8D9E-56B600ABAE1A}.Debug|Any CPU.ActiveCfg = Debug|Any CPU
		{F2F78654-A4E0-4C40-8D9E-56B600ABAE1A}.Debug|Any CPU.Build.0 = Debug|Any CPU
		{F2F78654-A4E0-4C40-8D9E-56B600ABAE1A}.Release|Any CPU.ActiveCfg = Release|Any CPU
		{F2F78654-A4E0-4C40-8D9E-56B600ABAE1A}.Release|Any CPU.Build.0 = Release|Any CPU
		{FA8FB7BF-1690-4A54-9C57-806969790EB2}.Debug|Any CPU.ActiveCfg = Debug|Any CPU
		{FA8FB7BF-1690-4A54-9C57-806969790EB2}.Debug|Any CPU.Build.0 = Debug|Any CPU
		{FA8FB7BF-1690-4A54-9C57-806969790EB2}.Release|Any CPU.ActiveCfg = Release|Any CPU
		{FA8FB7BF-1690-4A54-9C57-806969790EB2}.Release|Any CPU.Build.0 = Release|Any CPU
		{750FAFBA-BF6F-44F5-8358-6DE4C3894E0C}.Debug|Any CPU.ActiveCfg = Debug|Any CPU
		{750FAFBA-BF6F-44F5-8358-6DE4C3894E0C}.Debug|Any CPU.Build.0 = Debug|Any CPU
		{750FAFBA-BF6F-44F5-8358-6DE4C3894E0C}.Release|Any CPU.ActiveCfg = Release|Any CPU
		{750FAFBA-BF6F-44F5-8358-6DE4C3894E0C}.Release|Any CPU.Build.0 = Release|Any CPU
		{C60E7A99-8D72-45FB-8009-8496B1763F44}.Debug|Any CPU.ActiveCfg = Debug|Any CPU
		{C60E7A99-8D72-45FB-8009-8496B1763F44}.Debug|Any CPU.Build.0 = Debug|Any CPU
		{C60E7A99-8D72-45FB-8009-8496B1763F44}.Release|Any CPU.ActiveCfg = Release|Any CPU
		{C60E7A99-8D72-45FB-8009-8496B1763F44}.Release|Any CPU.Build.0 = Release|Any CPU
		{865F1E26-CBB6-4C1E-AD5B-8CB178F7AC69}.Debug|Any CPU.ActiveCfg = Debug|Any CPU
		{865F1E26-CBB6-4C1E-AD5B-8CB178F7AC69}.Debug|Any CPU.Build.0 = Debug|Any CPU
		{865F1E26-CBB6-4C1E-AD5B-8CB178F7AC69}.Release|Any CPU.ActiveCfg = Release|Any CPU
		{865F1E26-CBB6-4C1E-AD5B-8CB178F7AC69}.Release|Any CPU.Build.0 = Release|Any CPU
		{C3F58A1F-163A-4E9E-ACF2-28300D010F20}.Debug|Any CPU.ActiveCfg = Debug|Any CPU
		{C3F58A1F-163A-4E9E-ACF2-28300D010F20}.Debug|Any CPU.Build.0 = Debug|Any CPU
		{C3F58A1F-163A-4E9E-ACF2-28300D010F20}.Release|Any CPU.ActiveCfg = Release|Any CPU
		{C3F58A1F-163A-4E9E-ACF2-28300D010F20}.Release|Any CPU.Build.0 = Release|Any CPU
		{C0C8829A-1A78-4056-B6A4-AE0036D00F84}.Debug|Any CPU.ActiveCfg = Debug|Any CPU
		{C0C8829A-1A78-4056-B6A4-AE0036D00F84}.Debug|Any CPU.Build.0 = Debug|Any CPU
		{C0C8829A-1A78-4056-B6A4-AE0036D00F84}.Release|Any CPU.ActiveCfg = Release|Any CPU
		{C0C8829A-1A78-4056-B6A4-AE0036D00F84}.Release|Any CPU.Build.0 = Release|Any CPU
		{CF7C9C0B-A3C2-4C1D-B854-C0A3C348BBB1}.Debug|Any CPU.ActiveCfg = Debug|Any CPU
		{CF7C9C0B-A3C2-4C1D-B854-C0A3C348BBB1}.Debug|Any CPU.Build.0 = Debug|Any CPU
		{CF7C9C0B-A3C2-4C1D-B854-C0A3C348BBB1}.Release|Any CPU.ActiveCfg = Release|Any CPU
		{CF7C9C0B-A3C2-4C1D-B854-C0A3C348BBB1}.Release|Any CPU.Build.0 = Release|Any CPU
		{377A2130-5003-4BFF-AD6E-5F9B3DA74D06}.Debug|Any CPU.ActiveCfg = Debug|Any CPU
		{377A2130-5003-4BFF-AD6E-5F9B3DA74D06}.Debug|Any CPU.Build.0 = Debug|Any CPU
		{377A2130-5003-4BFF-AD6E-5F9B3DA74D06}.Release|Any CPU.ActiveCfg = Release|Any CPU
		{377A2130-5003-4BFF-AD6E-5F9B3DA74D06}.Release|Any CPU.Build.0 = Release|Any CPU
		{55E70715-4295-4406-A986-140ADF34E2E0}.Debug|Any CPU.ActiveCfg = Debug|Any CPU
		{55E70715-4295-4406-A986-140ADF34E2E0}.Debug|Any CPU.Build.0 = Debug|Any CPU
		{55E70715-4295-4406-A986-140ADF34E2E0}.Release|Any CPU.ActiveCfg = Release|Any CPU
		{55E70715-4295-4406-A986-140ADF34E2E0}.Release|Any CPU.Build.0 = Release|Any CPU
		{1899DB71-D616-4E37-8F14-5DCD8D9D3448}.Debug|Any CPU.ActiveCfg = Debug|Any CPU
		{1899DB71-D616-4E37-8F14-5DCD8D9D3448}.Debug|Any CPU.Build.0 = Debug|Any CPU
		{1899DB71-D616-4E37-8F14-5DCD8D9D3448}.Release|Any CPU.ActiveCfg = Release|Any CPU
		{1899DB71-D616-4E37-8F14-5DCD8D9D3448}.Release|Any CPU.Build.0 = Release|Any CPU
		{AF17D01C-8E0E-4B28-A930-EA8E5D6E85F5}.Debug|Any CPU.ActiveCfg = Debug|Any CPU
		{AF17D01C-8E0E-4B28-A930-EA8E5D6E85F5}.Debug|Any CPU.Build.0 = Debug|Any CPU
		{AF17D01C-8E0E-4B28-A930-EA8E5D6E85F5}.Release|Any CPU.ActiveCfg = Release|Any CPU
		{AF17D01C-8E0E-4B28-A930-EA8E5D6E85F5}.Release|Any CPU.Build.0 = Release|Any CPU
		{D0CCF1B5-FBA3-4F3B-A067-EE80504A2DF0}.Debug|Any CPU.ActiveCfg = Debug|Any CPU
		{D0CCF1B5-FBA3-4F3B-A067-EE80504A2DF0}.Debug|Any CPU.Build.0 = Debug|Any CPU
		{D0CCF1B5-FBA3-4F3B-A067-EE80504A2DF0}.Release|Any CPU.ActiveCfg = Release|Any CPU
		{D0CCF1B5-FBA3-4F3B-A067-EE80504A2DF0}.Release|Any CPU.Build.0 = Release|Any CPU
		{9C42AA17-792E-4ADE-B168-EFDE58E10C5C}.Debug|Any CPU.ActiveCfg = Debug|Any CPU
		{9C42AA17-792E-4ADE-B168-EFDE58E10C5C}.Debug|Any CPU.Build.0 = Debug|Any CPU
		{9C42AA17-792E-4ADE-B168-EFDE58E10C5C}.Release|Any CPU.ActiveCfg = Release|Any CPU
		{9C42AA17-792E-4ADE-B168-EFDE58E10C5C}.Release|Any CPU.Build.0 = Release|Any CPU
		{E7628138-A226-4882-A697-1FFD60F22440}.Debug|Any CPU.ActiveCfg = Debug|Any CPU
		{E7628138-A226-4882-A697-1FFD60F22440}.Debug|Any CPU.Build.0 = Debug|Any CPU
		{E7628138-A226-4882-A697-1FFD60F22440}.Release|Any CPU.ActiveCfg = Release|Any CPU
		{E7628138-A226-4882-A697-1FFD60F22440}.Release|Any CPU.Build.0 = Release|Any CPU
		{4E778B53-F7F2-49A2-8CD8-64B8BCDF676D}.Debug|Any CPU.ActiveCfg = Debug|Any CPU
		{4E778B53-F7F2-49A2-8CD8-64B8BCDF676D}.Debug|Any CPU.Build.0 = Debug|Any CPU
		{4E778B53-F7F2-49A2-8CD8-64B8BCDF676D}.Release|Any CPU.ActiveCfg = Release|Any CPU
		{4E778B53-F7F2-49A2-8CD8-64B8BCDF676D}.Release|Any CPU.Build.0 = Release|Any CPU
		{897C7C32-487A-4EB0-8902-C89D3ED003E4}.Debug|Any CPU.ActiveCfg = Debug|Any CPU
		{897C7C32-487A-4EB0-8902-C89D3ED003E4}.Debug|Any CPU.Build.0 = Debug|Any CPU
		{897C7C32-487A-4EB0-8902-C89D3ED003E4}.Release|Any CPU.ActiveCfg = Release|Any CPU
		{897C7C32-487A-4EB0-8902-C89D3ED003E4}.Release|Any CPU.Build.0 = Release|Any CPU
		{2074E76C-6AB0-49B0-B5DD-FF146E1985E2}.Debug|Any CPU.ActiveCfg = Debug|Any CPU
		{2074E76C-6AB0-49B0-B5DD-FF146E1985E2}.Debug|Any CPU.Build.0 = Debug|Any CPU
		{2074E76C-6AB0-49B0-B5DD-FF146E1985E2}.Release|Any CPU.ActiveCfg = Release|Any CPU
		{2074E76C-6AB0-49B0-B5DD-FF146E1985E2}.Release|Any CPU.Build.0 = Release|Any CPU
		{C522EC12-3EA3-4FE9-8E55-6C3E9B774517}.Debug|Any CPU.ActiveCfg = Debug|Any CPU
		{C522EC12-3EA3-4FE9-8E55-6C3E9B774517}.Debug|Any CPU.Build.0 = Debug|Any CPU
		{C522EC12-3EA3-4FE9-8E55-6C3E9B774517}.Release|Any CPU.ActiveCfg = Release|Any CPU
		{C522EC12-3EA3-4FE9-8E55-6C3E9B774517}.Release|Any CPU.Build.0 = Release|Any CPU
		{E8A6F511-0875-4041-81D7-A37DA1232A8B}.Debug|Any CPU.ActiveCfg = Debug|Any CPU
		{E8A6F511-0875-4041-81D7-A37DA1232A8B}.Debug|Any CPU.Build.0 = Debug|Any CPU
		{E8A6F511-0875-4041-81D7-A37DA1232A8B}.Release|Any CPU.ActiveCfg = Release|Any CPU
		{E8A6F511-0875-4041-81D7-A37DA1232A8B}.Release|Any CPU.Build.0 = Release|Any CPU
		{46F68571-AA7C-44A1-8071-00E06D84C1A2}.Debug|Any CPU.ActiveCfg = Debug|Any CPU
		{46F68571-AA7C-44A1-8071-00E06D84C1A2}.Debug|Any CPU.Build.0 = Debug|Any CPU
		{46F68571-AA7C-44A1-8071-00E06D84C1A2}.Release|Any CPU.ActiveCfg = Release|Any CPU
		{46F68571-AA7C-44A1-8071-00E06D84C1A2}.Release|Any CPU.Build.0 = Release|Any CPU
	EndGlobalSection
	GlobalSection(SolutionProperties) = preSolution
		HideSolutionNode = FALSE
	EndGlobalSection
	GlobalSection(NestedProjects) = preSolution
		{1FE6ECB4-5EF0-4C70-B49C-C0A6FAA899E0} = {5B53A1F6-465F-4B19-B78C-36AAE94A7E95}
		{8BF6EE9F-1082-42E7-A354-75AC21CC98DA} = {5B53A1F6-465F-4B19-B78C-36AAE94A7E95}
		{EBB3119D-A21D-4F7C-B095-1A2CBAFE3C13} = {5B53A1F6-465F-4B19-B78C-36AAE94A7E95}
		{F2F78654-A4E0-4C40-8D9E-56B600ABAE1A} = {979BEB9E-2F75-4139-9EB1-61A2A7889027}
		{FA8FB7BF-1690-4A54-9C57-806969790EB2} = {979BEB9E-2F75-4139-9EB1-61A2A7889027}
		{750FAFBA-BF6F-44F5-8358-6DE4C3894E0C} = {979BEB9E-2F75-4139-9EB1-61A2A7889027}
		{C60E7A99-8D72-45FB-8009-8496B1763F44} = {FB3F8EB9-C858-4327-8CBE-FD460B8C776F}
		{865F1E26-CBB6-4C1E-AD5B-8CB178F7AC69} = {FB3F8EB9-C858-4327-8CBE-FD460B8C776F}
		{C3F58A1F-163A-4E9E-ACF2-28300D010F20} = {FB3F8EB9-C858-4327-8CBE-FD460B8C776F}
		{C0C8829A-1A78-4056-B6A4-AE0036D00F84} = {75398CE1-A2AB-45B6-A36A-29F1E3730AF5}
		{CF7C9C0B-A3C2-4C1D-B854-C0A3C348BBB1} = {75398CE1-A2AB-45B6-A36A-29F1E3730AF5}
		{377A2130-5003-4BFF-AD6E-5F9B3DA74D06} = {75398CE1-A2AB-45B6-A36A-29F1E3730AF5}
		{55E70715-4295-4406-A986-140ADF34E2E0} = {0F489E32-048D-4A62-8685-87F2C4123043}
		{1899DB71-D616-4E37-8F14-5DCD8D9D3448} = {0F489E32-048D-4A62-8685-87F2C4123043}
		{AF17D01C-8E0E-4B28-A930-EA8E5D6E85F5} = {0F489E32-048D-4A62-8685-87F2C4123043}
		{D0CCF1B5-FBA3-4F3B-A067-EE80504A2DF0} = {A6FFCD75-057B-4798-8A3F-31428966DD34}
		{9C42AA17-792E-4ADE-B168-EFDE58E10C5C} = {A6FFCD75-057B-4798-8A3F-31428966DD34}
		{E7628138-A226-4882-A697-1FFD60F22440} = {A6FFCD75-057B-4798-8A3F-31428966DD34}
		{4E778B53-F7F2-49A2-8CD8-64B8BCDF676D} = {8C50CF52-875B-465A-BDD9-C8DD079058F3}
		{897C7C32-487A-4EB0-8902-C89D3ED003E4} = {8C50CF52-875B-465A-BDD9-C8DD079058F3}
		{2074E76C-6AB0-49B0-B5DD-FF146E1985E2} = {8C50CF52-875B-465A-BDD9-C8DD079058F3}
		{C522EC12-3EA3-4FE9-8E55-6C3E9B774517} = {9DB60600-96C1-44CB-841E-DFBF50AD067C}
		{E8A6F511-0875-4041-81D7-A37DA1232A8B} = {9DB60600-96C1-44CB-841E-DFBF50AD067C}
		{46F68571-AA7C-44A1-8071-00E06D84C1A2} = {9DB60600-96C1-44CB-841E-DFBF50AD067C}
	EndGlobalSection
	GlobalSection(ExtensibilityGlobals) = postSolution
		SolutionGuid = {B03A05BC-5FB1-48C1-9B68-1167FDAABE2B}
	EndGlobalSection
EndGlobal
